
Microsoft Visual Studio Solution File, Format Version 12.00
# Visual Studio Version 16
VisualStudioVersion = 16.0.30309.148
MinimumVisualStudioVersion = 10.0.40219.1
Project("{FAE04EC0-301F-11D3-BF4B-00C04F79EFBC}") = "Ef.Descriniminator", "Entity-Framework\Ef.Descriniminator\Ef.Descriniminator.csproj", "{790C6C28-1FE8-4576-891F-1ACE51EBFB42}"
EndProject
Global
	GlobalSection(SolutionConfigurationPlatforms) = preSolution
		Debug|Any CPU = Debug|Any CPU
		Release|Any CPU = Release|Any CPU
	EndGlobalSection
	GlobalSection(ProjectConfigurationPlatforms) = postSolution
		{790C6C28-1FE8-4576-891F-1ACE51EBFB42}.Debug|Any CPU.ActiveCfg = Debug|Any CPU
		{790C6C28-1FE8-4576-891F-1ACE51EBFB42}.Debug|Any CPU.Build.0 = Debug|Any CPU
		{790C6C28-1FE8-4576-891F-1ACE51EBFB42}.Release|Any CPU.ActiveCfg = Release|Any CPU
		{790C6C28-1FE8-4576-891F-1ACE51EBFB42}.Release|Any CPU.Build.0 = Release|Any CPU
	EndGlobalSection
	GlobalSection(SolutionProperties) = preSolution
		HideSolutionNode = FALSE
	EndGlobalSection
	GlobalSection(ExtensibilityGlobals) = postSolution
		SolutionGuid = {80253338-0E7B-44A3-AAC2-75E8CEDE9977}
	EndGlobalSection
EndGlobal
